
Microsoft Visual Studio Solution File, Format Version 12.00
# Visual Studio Version 16
VisualStudioVersion = 16.0.31105.61
MinimumVisualStudioVersion = 10.0.40219.1
Project("{2150E333-8FDC-42A3-9474-1A3956D46DE8}") = "Core", "Core", "{089412F2-77C3-4946-A81C-AEF096C95717}"
EndProject
Project("{9A19103F-16F7-4668-BE54-9A1E7A4F7556}") = "Core.DAL", "Core\Core.DAL\Core.DAL.csproj", "{D9070EDD-AF48-4E2D-8796-16BC4626C5F6}"
EndProject
Project("{9A19103F-16F7-4668-BE54-9A1E7A4F7556}") = "Core.BLL", "Core\Core.BLL\Core.BLL.csproj", "{1BB907EB-3017-4B07-8417-244CC5584AD9}"
EndProject
Project("{2150E333-8FDC-42A3-9474-1A3956D46DE8}") = "Examples", "Examples", "{BF6D0A14-6A95-4ED5-AA7A-F4744F00F2DB}"
EndProject
Project("{9A19103F-16F7-4668-BE54-9A1E7A4F7556}") = "ExampleProject.ConsoleApp", "Examples\ExampleProject.ConsoleApp\ExampleProject.ConsoleApp.csproj", "{9AD956FC-3018-42F4-8D68-9CE47DB55749}"
EndProject
Project("{9A19103F-16F7-4668-BE54-9A1E7A4F7556}") = "ExampleProject.WebAPI", "Examples\ExampleProject.WebAPI\ExampleProject.WebAPI.csproj", "{F2D7A77B-3055-4A16-8BBC-D4F29ED49186}"
EndProject
Project("{9A19103F-16F7-4668-BE54-9A1E7A4F7556}") = "ExampleProject.App", "Examples\ExampleProject.App\ExampleProject.App.csproj", "{D988EFDB-868F-47F4-8598-19F095F82E8C}"
EndProject
Project("{9A19103F-16F7-4668-BE54-9A1E7A4F7556}") = "ExampleProject.BLL", "Examples\ExampleProject.BLL\ExampleProject.BLL.csproj", "{8423C114-D422-4FC6-9DCE-D4214EFD4BDD}"
EndProject
Project("{9A19103F-16F7-4668-BE54-9A1E7A4F7556}") = "ExampleProject.DAL", "Examples\ExampleProject.DAL\ExampleProject.DAL.csproj", "{C83CB15C-6082-43B1-B441-6F72DFC6498A}"
EndProject
Global
	GlobalSection(SolutionConfigurationPlatforms) = preSolution
		Debug|Any CPU = Debug|Any CPU
		Release|Any CPU = Release|Any CPU
	EndGlobalSection
	GlobalSection(ProjectConfigurationPlatforms) = postSolution
		{D9070EDD-AF48-4E2D-8796-16BC4626C5F6}.Debug|Any CPU.ActiveCfg = Debug|Any CPU
		{D9070EDD-AF48-4E2D-8796-16BC4626C5F6}.Debug|Any CPU.Build.0 = Debug|Any CPU
		{D9070EDD-AF48-4E2D-8796-16BC4626C5F6}.Release|Any CPU.ActiveCfg = Release|Any CPU
		{D9070EDD-AF48-4E2D-8796-16BC4626C5F6}.Release|Any CPU.Build.0 = Release|Any CPU
		{1BB907EB-3017-4B07-8417-244CC5584AD9}.Debug|Any CPU.ActiveCfg = Debug|Any CPU
		{1BB907EB-3017-4B07-8417-244CC5584AD9}.Debug|Any CPU.Build.0 = Debug|Any CPU
		{1BB907EB-3017-4B07-8417-244CC5584AD9}.Release|Any CPU.ActiveCfg = Release|Any CPU
		{1BB907EB-3017-4B07-8417-244CC5584AD9}.Release|Any CPU.Build.0 = Release|Any CPU
		{9AD956FC-3018-42F4-8D68-9CE47DB55749}.Debug|Any CPU.ActiveCfg = Debug|Any CPU
		{9AD956FC-3018-42F4-8D68-9CE47DB55749}.Debug|Any CPU.Build.0 = Debug|Any CPU
		{9AD956FC-3018-42F4-8D68-9CE47DB55749}.Release|Any CPU.ActiveCfg = Release|Any CPU
		{9AD956FC-3018-42F4-8D68-9CE47DB55749}.Release|Any CPU.Build.0 = Release|Any CPU
		{F2D7A77B-3055-4A16-8BBC-D4F29ED49186}.Debug|Any CPU.ActiveCfg = Debug|Any CPU
		{F2D7A77B-3055-4A16-8BBC-D4F29ED49186}.Debug|Any CPU.Build.0 = Debug|Any CPU
		{F2D7A77B-3055-4A16-8BBC-D4F29ED49186}.Release|Any CPU.ActiveCfg = Release|Any CPU
		{F2D7A77B-3055-4A16-8BBC-D4F29ED49186}.Release|Any CPU.Build.0 = Release|Any CPU
		{D988EFDB-868F-47F4-8598-19F095F82E8C}.Debug|Any CPU.ActiveCfg = Debug|Any CPU
		{D988EFDB-868F-47F4-8598-19F095F82E8C}.Debug|Any CPU.Build.0 = Debug|Any CPU
		{D988EFDB-868F-47F4-8598-19F095F82E8C}.Release|Any CPU.ActiveCfg = Release|Any CPU
		{D988EFDB-868F-47F4-8598-19F095F82E8C}.Release|Any CPU.Build.0 = Release|Any CPU
		{8423C114-D422-4FC6-9DCE-D4214EFD4BDD}.Debug|Any CPU.ActiveCfg = Debug|Any CPU
		{8423C114-D422-4FC6-9DCE-D4214EFD4BDD}.Debug|Any CPU.Build.0 = Debug|Any CPU
		{8423C114-D422-4FC6-9DCE-D4214EFD4BDD}.Release|Any CPU.ActiveCfg = Release|Any CPU
		{8423C114-D422-4FC6-9DCE-D4214EFD4BDD}.Release|Any CPU.Build.0 = Release|Any CPU
		{C83CB15C-6082-43B1-B441-6F72DFC6498A}.Debug|Any CPU.ActiveCfg = Debug|Any CPU
		{C83CB15C-6082-43B1-B441-6F72DFC6498A}.Debug|Any CPU.Build.0 = Debug|Any CPU
		{C83CB15C-6082-43B1-B441-6F72DFC6498A}.Release|Any CPU.ActiveCfg = Release|Any CPU
		{C83CB15C-6082-43B1-B441-6F72DFC6498A}.Release|Any CPU.Build.0 = Release|Any CPU
	EndGlobalSection
	GlobalSection(SolutionProperties) = preSolution
		HideSolutionNode = FALSE
	EndGlobalSection
	GlobalSection(NestedProjects) = preSolution
		{D9070EDD-AF48-4E2D-8796-16BC4626C5F6} = {089412F2-77C3-4946-A81C-AEF096C95717}
		{1BB907EB-3017-4B07-8417-244CC5584AD9} = {089412F2-77C3-4946-A81C-AEF096C95717}
		{9AD956FC-3018-42F4-8D68-9CE47DB55749} = {BF6D0A14-6A95-4ED5-AA7A-F4744F00F2DB}
		{F2D7A77B-3055-4A16-8BBC-D4F29ED49186} = {BF6D0A14-6A95-4ED5-AA7A-F4744F00F2DB}
		{D988EFDB-868F-47F4-8598-19F095F82E8C} = {BF6D0A14-6A95-4ED5-AA7A-F4744F00F2DB}
		{8423C114-D422-4FC6-9DCE-D4214EFD4BDD} = {BF6D0A14-6A95-4ED5-AA7A-F4744F00F2DB}
		{C83CB15C-6082-43B1-B441-6F72DFC6498A} = {BF6D0A14-6A95-4ED5-AA7A-F4744F00F2DB}
	EndGlobalSection
	GlobalSection(ExtensibilityGlobals) = postSolution
		SolutionGuid = {B8E71257-889E-4CCE-BCE0-A046A5B55C37}
	EndGlobalSection
EndGlobal
